
Microsoft Visual Studio Solution File, Format Version 12.00
# Visual Studio Version 16
VisualStudioVersion = 16.0.31313.79
MinimumVisualStudioVersion = 10.0.40219.1
Project("{FAE04EC0-301F-11D3-BF4B-00C04F79EFBC}") = "RedirectAction", "RedirectAction\RedirectAction.csproj", "{5435D35F-6B4C-4E1C-BFE7-9F2B9FA0D222}"
EndProject
Global
	GlobalSection(SolutionConfigurationPlatforms) = preSolution
		Debug|Any CPU = Debug|Any CPU
		Release|Any CPU = Release|Any CPU
	EndGlobalSection
	GlobalSection(ProjectConfigurationPlatforms) = postSolution
		{5435D35F-6B4C-4E1C-BFE7-9F2B9FA0D222}.Debug|Any CPU.ActiveCfg = Debug|Any CPU
		{5435D35F-6B4C-4E1C-BFE7-9F2B9FA0D222}.Debug|Any CPU.Build.0 = Debug|Any CPU
		{5435D35F-6B4C-4E1C-BFE7-9F2B9FA0D222}.Release|Any CPU.ActiveCfg = Release|Any CPU
		{5435D35F-6B4C-4E1C-BFE7-9F2B9FA0D222}.Release|Any CPU.Build.0 = Release|Any CPU
	EndGlobalSection
	GlobalSection(SolutionProperties) = preSolution
		HideSolutionNode = FALSE
	EndGlobalSection
	GlobalSection(ExtensibilityGlobals) = postSolution
		SolutionGuid = {5D4447F6-A194-4D45-BBB9-26CD23AE4648}
	EndGlobalSection
EndGlobal
